// !$*UTF8*$!
{
	archiveVersion = 1;
	classes = {
	};
	objectVersion = 50;
	objects = {

/* Begin PBXBuildFile section */
		83D9690520DC8CB200ED2037 /* AppDelegate.swift in Sources */ = {isa = PBXBuildFile; fileRef = 83D9690420DC8CB200ED2037 /* AppDelegate.swift */; };
		83D9690720DC8CB200ED2037 /* ViewController.swift in Sources */ = {isa = PBXBuildFile; fileRef = 83D9690620DC8CB200ED2037 /* ViewController.swift */; };
		83D9690A20DC8CB200ED2037 /* Main.storyboard in Resources */ = {isa = PBXBuildFile; fileRef = 83D9690820DC8CB200ED2037 /* Main.storyboard */; };
		83D9690C20DC8CB400ED2037 /* Assets.xcassets in Resources */ = {isa = PBXBuildFile; fileRef = 83D9690B20DC8CB400ED2037 /* Assets.xcassets */; };
		83D9690F20DC8CB400ED2037 /* LaunchScreen.storyboard in Resources */ = {isa = PBXBuildFile; fileRef = 83D9690D20DC8CB400ED2037 /* LaunchScreen.storyboard */; };
		83D969D620DCFBA200ED2037 /* lame.framework in Frameworks */ = {isa = PBXBuildFile; fileRef = 83D969D520DCFBA200ED2037 /* lame.framework */; };
		83D969DD20DCFC3600ED2037 /* AudioWrapper.m in Sources */ = {isa = PBXBuildFile; fileRef = 83D969DC20DCFC3600ED2037 /* AudioWrapper.m */; };
/* End PBXBuildFile section */

/* Begin PBXFileReference section */
		83D9690120DC8CB200ED2037 /* HSCMAudioRecorder.app */ = {isa = PBXFileReference; explicitFileType = wrapper.application; includeInIndex = 0; path = HSCMAudioRecorder.app; sourceTree = BUILT_PRODUCTS_DIR; };
		83D9690420DC8CB200ED2037 /* AppDelegate.swift */ = {isa = PBXFileReference; lastKnownFileType = sourcecode.swift; path = AppDelegate.swift; sourceTree = "<group>"; };
		83D9690620DC8CB200ED2037 /* ViewController.swift */ = {isa = PBXFileReference; lastKnownFileType = sourcecode.swift; path = ViewController.swift; sourceTree = "<group>"; };
		83D9690920DC8CB200ED2037 /* Base */ = {isa = PBXFileReference; lastKnownFileType = file.storyboard; name = Base; path = Base.lproj/Main.storyboard; sourceTree = "<group>"; };
		83D9690B20DC8CB400ED2037 /* Assets.xcassets */ = {isa = PBXFileReference; lastKnownFileType = folder.assetcatalog; path = Assets.xcassets; sourceTree = "<group>"; };
		83D9690E20DC8CB400ED2037 /* Base */ = {isa = PBXFileReference; lastKnownFileType = file.storyboard; name = Base; path = Base.lproj/LaunchScreen.storyboard; sourceTree = "<group>"; };
		83D9691020DC8CB400ED2037 /* Info.plist */ = {isa = PBXFileReference; lastKnownFileType = text.plist.xml; path = Info.plist; sourceTree = "<group>"; };
		83D9691E20DCE30800ED2037 /* AppDelegate.swift */ = {isa = PBXFileReference; lastKnownFileType = sourcecode.swift; path = AppDelegate.swift; sourceTree = "<group>"; };
		83D9692020DCE30800ED2037 /* ViewController.swift */ = {isa = PBXFileReference; lastKnownFileType = sourcecode.swift; path = ViewController.swift; sourceTree = "<group>"; };
		83D9692320DCE30800ED2037 /* Base */ = {isa = PBXFileReference; lastKnownFileType = file.storyboard; name = Base; path = Base.lproj/Main.storyboard; sourceTree = "<group>"; };
		83D9692520DCE30900ED2037 /* Assets.xcassets */ = {isa = PBXFileReference; lastKnownFileType = folder.assetcatalog; path = Assets.xcassets; sourceTree = "<group>"; };
		83D9692820DCE30900ED2037 /* Base */ = {isa = PBXFileReference; lastKnownFileType = file.storyboard; name = Base; path = Base.lproj/LaunchScreen.storyboard; sourceTree = "<group>"; };
		83D9692A20DCE30900ED2037 /* Info.plist */ = {isa = PBXFileReference; lastKnownFileType = text.plist.xml; path = Info.plist; sourceTree = "<group>"; };
		83D969D120DCF9DF00ED2037 /* HSCMAudioRecorder-Bridging-Header.h */ = {isa = PBXFileReference; lastKnownFileType = sourcecode.c.h; path = "HSCMAudioRecorder-Bridging-Header.h"; sourceTree = "<group>"; };
		83D969D520DCFBA200ED2037 /* lame.framework */ = {isa = PBXFileReference; lastKnownFileType = wrapper.framework; path = lame.framework; sourceTree = "<group>"; };
		83D969DB20DCFC3600ED2037 /* AudioWrapper.h */ = {isa = PBXFileReference; lastKnownFileType = sourcecode.c.h; path = AudioWrapper.h; sourceTree = "<group>"; };
		83D969DC20DCFC3600ED2037 /* AudioWrapper.m */ = {isa = PBXFileReference; lastKnownFileType = sourcecode.c.objc; path = AudioWrapper.m; sourceTree = "<group>"; };
/* End PBXFileReference section */

/* Begin PBXFrameworksBuildPhase section */
		83D968FE20DC8CB200ED2037 /* Frameworks */ = {
			isa = PBXFrameworksBuildPhase;
			buildActionMask = 2147483647;
			files = (
				83D969D620DCFBA200ED2037 /* lame.framework in Frameworks */,
			);
			runOnlyForDeploymentPostprocessing = 0;
		};
/* End PBXFrameworksBuildPhase section */

/* Begin PBXGroup section */
		83D968F820DC8CB200ED2037 = {
			isa = PBXGroup;
			children = (
				83D9690320DC8CB200ED2037 /* HSCMAudioRecorder */,
				83D9691D20DCE30800ED2037 /* TestAudioRecorder */,
				83D9690220DC8CB200ED2037 /* Products */,
			);
			sourceTree = "<group>";
		};
		83D9690220DC8CB200ED2037 /* Products */ = {
			isa = PBXGroup;
			children = (
				83D9690120DC8CB200ED2037 /* HSCMAudioRecorder.app */,
			);
			name = Products;
			sourceTree = "<group>";
		};
		83D9690320DC8CB200ED2037 /* HSCMAudioRecorder */ = {
			isa = PBXGroup;
			children = (
				83D969D520DCFBA200ED2037 /* lame.framework */,
				83D9690420DC8CB200ED2037 /* AppDelegate.swift */,
				83D9690620DC8CB200ED2037 /* ViewController.swift */,
				83D9690820DC8CB200ED2037 /* Main.storyboard */,
				83D9690B20DC8CB400ED2037 /* Assets.xcassets */,
				83D9690D20DC8CB400ED2037 /* LaunchScreen.storyboard */,
				83D9691020DC8CB400ED2037 /* Info.plist */,
				83D969D120DCF9DF00ED2037 /* HSCMAudioRecorder-Bridging-Header.h */,
				83D969DB20DCFC3600ED2037 /* AudioWrapper.h */,
				83D969DC20DCFC3600ED2037 /* AudioWrapper.m */,
			);
			path = HSCMAudioRecorder;
			sourceTree = "<group>";
		};
		83D9691D20DCE30800ED2037 /* TestAudioRecorder */ = {
			isa = PBXGroup;
			children = (
				83D9691E20DCE30800ED2037 /* AppDelegate.swift */,
				83D9692020DCE30800ED2037 /* ViewController.swift */,
				83D9692220DCE30800ED2037 /* Main.storyboard */,
				83D9692520DCE30900ED2037 /* Assets.xcassets */,
				83D9692720DCE30900ED2037 /* LaunchScreen.storyboard */,
				83D9692A20DCE30900ED2037 /* Info.plist */,
			);
			path = TestAudioRecorder;
			sourceTree = "<group>";
		};
/* End PBXGroup section */

/* Begin PBXNativeTarget section */
		83D9690020DC8CB200ED2037 /* HSCMAudioRecorder */ = {
			isa = PBXNativeTarget;
			buildConfigurationList = 83D9691320DC8CB400ED2037 /* Build configuration list for PBXNativeTarget "HSCMAudioRecorder" */;
			buildPhases = (
				83D968FD20DC8CB200ED2037 /* Sources */,
				83D968FE20DC8CB200ED2037 /* Frameworks */,
				83D968FF20DC8CB200ED2037 /* Resources */,
			);
			buildRules = (
			);
			dependencies = (
			);
			name = HSCMAudioRecorder;
			productName = HSCMAudioRecorder;
			productReference = 83D9690120DC8CB200ED2037 /* HSCMAudioRecorder.app */;
			productType = "com.apple.product-type.application";
		};
/* End PBXNativeTarget section */

/* Begin PBXProject section */
		83D968F920DC8CB200ED2037 /* Project object */ = {
			isa = PBXProject;
			attributes = {
				LastSwiftUpdateCheck = 0940;
				LastUpgradeCheck = 0940;
				ORGANIZATIONNAME = CM;
				TargetAttributes = {
					83D9690020DC8CB200ED2037 = {
						CreatedOnToolsVersion = 9.4.1;
						LastSwiftMigration = 0940;
					};
				};
			};
			buildConfigurationList = 83D968FC20DC8CB200ED2037 /* Build configuration list for PBXProject "HSCMAudioRecorder" */;
			compatibilityVersion = "Xcode 9.3";
			developmentRegion = en;
			hasScannedForEncodings = 0;
			knownRegions = (
				en,
				Base,
			);
			mainGroup = 83D968F820DC8CB200ED2037;
			productRefGroup = 83D9690220DC8CB200ED2037 /* Products */;
			projectDirPath = "";
			projectRoot = "";
			targets = (
				83D9690020DC8CB200ED2037 /* HSCMAudioRecorder */,
			);
		};
/* End PBXProject section */

/* Begin PBXResourcesBuildPhase section */
		83D968FF20DC8CB200ED2037 /* Resources */ = {
			isa = PBXResourcesBuildPhase;
			buildActionMask = 2147483647;
			files = (
				83D9690F20DC8CB400ED2037 /* LaunchScreen.storyboard in Resources */,
				83D9690C20DC8CB400ED2037 /* Assets.xcassets in Resources */,
				83D9690A20DC8CB200ED2037 /* Main.storyboard in Resources */,
			);
			runOnlyForDeploymentPostprocessing = 0;
		};
/* End PBXResourcesBuildPhase section */

/* Begin PBXSourcesBuildPhase section */
		83D968FD20DC8CB200ED2037 /* Sources */ = {
			isa = PBXSourcesBuildPhase;
			buildActionMask = 2147483647;
			files = (
				83D9690720DC8CB200ED2037 /* ViewController.swift in Sources */,
				83D969DD20DCFC3600ED2037 /* AudioWrapper.m in Sources */,
				83D9690520DC8CB200ED2037 /* AppDelegate.swift in Sources */,
			);
			runOnlyForDeploymentPostprocessing = 0;
		};
/* End PBXSourcesBuildPhase section */

/* Begin PBXVariantGroup section */
		83D9690820DC8CB200ED2037 /* Main.storyboard */ = {
			isa = PBXVariantGroup;
			children = (
				83D9690920DC8CB200ED2037 /* Base */,
			);
			name = Main.storyboard;
			sourceTree = "<group>";
		};
		83D9690D20DC8CB400ED2037 /* LaunchScreen.storyboard */ = {
			isa = PBXVariantGroup;
			children = (
				83D9690E20DC8CB400ED2037 /* Base */,
			);
			name = LaunchScreen.storyboard;
			sourceTree = "<group>";
		};
		83D9692220DCE30800ED2037 /* Main.storyboard */ = {
			isa = PBXVariantGroup;
			children = (
				83D9692320DCE30800ED2037 /* Base */,
			);
			name = Main.storyboard;
			sourceTree = "<group>";
		};
		83D9692720DCE30900ED2037 /* LaunchScreen.storyboard */ = {
			isa = PBXVariantGroup;
			children = (
				83D9692820DCE30900ED2037 /* Base */,
			);
			name = LaunchScreen.storyboard;
			sourceTree = "<group>";
		};
/* End PBXVariantGroup section */

/* Begin XCBuildConfiguration section */
		83D9691120DC8CB400ED2037 /* Debug */ = {
			isa = XCBuildConfiguration;
			buildSettings = {
				ALWAYS_SEARCH_USER_PATHS = NO;
				CLANG_ANALYZER_NONNULL = YES;
				CLANG_ANALYZER_NUMBER_OBJECT_CONVERSION = YES_AGGRESSIVE;
				CLANG_CXX_LANGUAGE_STANDARD = "gnu++14";
				CLANG_CXX_LIBRARY = "libc++";
				CLANG_ENABLE_MODULES = YES;
				CLANG_ENABLE_OBJC_ARC = YES;
				CLANG_ENABLE_OBJC_WEAK = YES;
				CLANG_WARN_BLOCK_CAPTURE_AUTORELEASING = YES;
				CLANG_WARN_BOOL_CONVERSION = YES;
				CLANG_WARN_COMMA = YES;
				CLANG_WARN_CONSTANT_CONVERSION = YES;
				CLANG_WARN_DEPRECATED_OBJC_IMPLEMENTATIONS = YES;
				CLANG_WARN_DIRECT_OBJC_ISA_USAGE = YES_ERROR;
				CLANG_WARN_DOCUMENTATION_COMMENTS = YES;
				CLANG_WARN_EMPTY_BODY = YES;
				CLANG_WARN_ENUM_CONVERSION = YES;
				CLANG_WARN_INFINITE_RECURSION = YES;
				CLANG_WARN_INT_CONVERSION = YES;
				CLANG_WARN_NON_LITERAL_NULL_CONVERSION = YES;
				CLANG_WARN_OBJC_IMPLICIT_RETAIN_SELF = YES;
				CLANG_WARN_OBJC_LITERAL_CONVERSION = YES;
				CLANG_WARN_OBJC_ROOT_CLASS = YES_ERROR;
				CLANG_WARN_RANGE_LOOP_ANALYSIS = YES;
				CLANG_WARN_STRICT_PROTOTYPES = YES;
				CLANG_WARN_SUSPICIOUS_MOVE = YES;
				CLANG_WARN_UNGUARDED_AVAILABILITY = YES_AGGRESSIVE;
				CLANG_WARN_UNREACHABLE_CODE = YES;
				CLANG_WARN__DUPLICATE_METHOD_MATCH = YES;
				CODE_SIGN_IDENTITY = "iPhone Developer";
				COPY_PHASE_STRIP = NO;
				DEBUG_INFORMATION_FORMAT = dwarf;
				ENABLE_STRICT_OBJC_MSGSEND = YES;
				ENABLE_TESTABILITY = YES;
				GCC_C_LANGUAGE_STANDARD = gnu11;
				GCC_DYNAMIC_NO_PIC = NO;
				GCC_NO_COMMON_BLOCKS = YES;
				GCC_OPTIMIZATION_LEVEL = 0;
				GCC_PREPROCESSOR_DEFINITIONS = (
					"DEBUG=1",
					"$(inherited)",
				);
				GCC_WARN_64_TO_32_BIT_CONVERSION = YES;
				GCC_WARN_ABOUT_RETURN_TYPE = YES_ERROR;
				GCC_WARN_UNDECLARED_SELECTOR = YES;
				GCC_WARN_UNINITIALIZED_AUTOS = YES_AGGRESSIVE;
				GCC_WARN_UNUSED_FUNCTION = YES;
				GCC_WARN_UNUSED_VARIABLE = YES;
				IPHONEOS_DEPLOYMENT_TARGET = 11.4;
				MTL_ENABLE_DEBUG_INFO = YES;
				ONLY_ACTIVE_ARCH = YES;
				SDKROOT = iphoneos;
				SWIFT_ACTIVE_COMPILATION_CONDITIONS = DEBUG;
				SWIFT_OPTIMIZATION_LEVEL = "-Onone";
			};
			name = Debug;
		};
		83D9691220DC8CB400ED2037 /* Release */ = {
			isa = XCBuildConfiguration;
			buildSettings = {
				ALWAYS_SEARCH_USER_PATHS = NO;
				CLANG_ANALYZER_NONNULL = YES;
				CLANG_ANALYZER_NUMBER_OBJECT_CONVERSION = YES_AGGRESSIVE;
				CLANG_CXX_LANGUAGE_STANDARD = "gnu++14";
				CLANG_CXX_LIBRARY = "libc++";
				CLANG_ENABLE_MODULES = YES;
				CLANG_ENABLE_OBJC_ARC = YES;
				CLANG_ENABLE_OBJC_WEAK = YES;
				CLANG_WARN_BLOCK_CAPTURE_AUTORELEASING = YES;
				CLANG_WARN_BOOL_CONVERSION = YES;
				CLANG_WARN_COMMA = YES;
				CLANG_WARN_CONSTANT_CONVERSION = YES;
				CLANG_WARN_DEPRECATED_OBJC_IMPLEMENTATIONS = YES;
				CLANG_WARN_DIRECT_OBJC_ISA_USAGE = YES_ERROR;
				CLANG_WARN_DOCUMENTATION_COMMENTS = YES;
				CLANG_WARN_EMPTY_BODY = YES;
				CLANG_WARN_ENUM_CONVERSION = YES;
				CLANG_WARN_INFINITE_RECURSION = YES;
				CLANG_WARN_INT_CONVERSION = YES;
				CLANG_WARN_NON_LITERAL_NULL_CONVERSION = YES;
				CLANG_WARN_OBJC_IMPLICIT_RETAIN_SELF = YES;
				CLANG_WARN_OBJC_LITERAL_CONVERSION = YES;
				CLANG_WARN_OBJC_ROOT_CLASS = YES_ERROR;
				CLANG_WARN_RANGE_LOOP_ANALYSIS = YES;
				CLANG_WARN_STRICT_PROTOTYPES = YES;
				CLANG_WARN_SUSPICIOUS_MOVE = YES;
				CLANG_WARN_UNGUARDED_AVAILABILITY = YES_AGGRESSIVE;
				CLANG_WARN_UNREACHABLE_CODE = YES;
				CLANG_WARN__DUPLICATE_METHOD_MATCH = YES;
				CODE_SIGN_IDENTITY = "iPhone Developer";
				COPY_PHASE_STRIP = NO;
				DEBUG_INFORMATION_FORMAT = "dwarf-with-dsym";
				ENABLE_NS_ASSERTIONS = NO;
				ENABLE_STRICT_OBJC_MSGSEND = YES;
				GCC_C_LANGUAGE_STANDARD = gnu11;
				GCC_NO_COMMON_BLOCKS = YES;
				GCC_WARN_64_TO_32_BIT_CONVERSION = YES;
				GCC_WARN_ABOUT_RETURN_TYPE = YES_ERROR;
				GCC_WARN_UNDECLARED_SELECTOR = YES;
				GCC_WARN_UNINITIALIZED_AUTOS = YES_AGGRESSIVE;
				GCC_WARN_UNUSED_FUNCTION = YES;
				GCC_WARN_UNUSED_VARIABLE = YES;
				IPHONEOS_DEPLOYMENT_TARGET = 11.4;
				MTL_ENABLE_DEBUG_INFO = NO;
				SDKROOT = iphoneos;
				SWIFT_COMPILATION_MODE = wholemodule;
				SWIFT_OPTIMIZATION_LEVEL = "-O";
				VALIDATE_PRODUCT = YES;
			};
			name = Release;
		};
		83D9691420DC8CB400ED2037 /* Debug */ = {
			isa = XCBuildConfiguration;
			buildSettings = {
				ASSETCATALOG_COMPILER_APPICON_NAME = AppIcon;
				CLANG_ENABLE_MODULES = YES;
				CODE_SIGN_STYLE = Automatic;
				DEVELOPMENT_TEAM = H23775VQNZ;
				FRAMEWORK_SEARCH_PATHS = (
					"$(inherited)",
					"$(PROJECT_DIR)/HSCMAudioRecorder",
				);
				INFOPLIST_FILE = HSCMAudioRecorder/Info.plist;
				LD_RUNPATH_SEARCH_PATHS = (
					"$(inherited)",
					"@executable_path/Frameworks",
				);
				LIBRARY_SEARCH_PATHS = (
					"$(inherited)",
					"$(PROJECT_DIR)/HSCMAudioRecorder/FFmpeg-iOS/lib",
				);
				PRODUCT_BUNDLE_IDENTIFIER = cm.HSCMAudioRecorder;
				PRODUCT_NAME = "$(TARGET_NAME)";
				SWIFT_OBJC_BRIDGING_HEADER = "HSCMAudioRecorder/HSCMAudioRecorder-Bridging-Header.h";
				SWIFT_OPTIMIZATION_LEVEL = "-Onone";
				SWIFT_VERSION = 4.0;
				TARGETED_DEVICE_FAMILY = "1,2";
			};
			name = Debug;
		};
		83D9691520DC8CB400ED2037 /* Release */ = {
			isa = XCBuildConfiguration;
			buildSettings = {
				ASSETCATALOG_COMPILER_APPICON_NAME = AppIcon;
				CLANG_ENABLE_MODULES = YES;
				CODE_SIGN_STYLE = Automatic;
				DEVELOPMENT_TEAM = H23775VQNZ;
				FRAMEWORK_SEARCH_PATHS = (
					"$(inherited)",
					"$(PROJECT_DIR)/HSCMAudioRecorder",
				);
				INFOPLIST_FILE = HSCMAudioRecorder/Info.plist;
				LD_RUNPATH_SEARCH_PATHS = (
					"$(inherited)",
					"@executable_path/Frameworks",
				);
				LIBRARY_SEARCH_PATHS = (
					"$(inherited)",
					"$(PROJECT_DIR)/HSCMAudioRecorder/FFmpeg-iOS/lib",
				);
				PRODUCT_BUNDLE_IDENTIFIER = cm.HSCMAudioRecorder;
				PRODUCT_NAME = "$(TARGET_NAME)";
				SWIFT_OBJC_BRIDGING_HEADER = "HSCMAudioRecorder/HSCMAudioRecorder-Bridging-Header.h";
				SWIFT_VERSION = 4.0;
				TARGETED_DEVICE_FAMILY = "1,2";
			};
			name = Release;
		};
/* End XCBuildConfiguration section */

/* Begin XCConfigurationList section */
		83D968FC20DC8CB200ED2037 /* Build configuration list for PBXProject "HSCMAudioRecorder" */ = {
			isa = XCConfigurationList;
			buildConfigurations = (
				83D9691120DC8CB400ED2037 /* Debug */,
				83D9691220DC8CB400ED2037 /* Release */,
			);
			defaultConfigurationIsVisible = 0;
			defaultConfigurationName = Release;
		};
		83D9691320DC8CB400ED2037 /* Build configuration list for PBXNativeTarget "HSCMAudioRecorder" */ = {
			isa = XCConfigurationList;
			buildConfigurations = (
				83D9691420DC8CB400ED2037 /* Debug */,
				83D9691520DC8CB400ED2037 /* Release */,
			);
			defaultConfigurationIsVisible = 0;
			defaultConfigurationName = Release;
		};
/* End XCConfigurationList section */
	};
	rootObject = 83D968F920DC8CB200ED2037 /* Project object */;
}
